
Microsoft Visual Studio Solution File, Format Version 12.00
# Visual Studio Version 16
VisualStudioVersion = 16.0.28729.10
MinimumVisualStudioVersion = 10.0.40219.1
Project("{FAE04EC0-301F-11D3-BF4B-00C04F79EFBC}") = "Trackmania HACK", "Trackmania HACK\Trackmania HACK.csproj", "{290F39A4-EC5A-4A6D-B0CC-1DA3FBE9EEEF}"
EndProject
Global
	GlobalSection(SolutionConfigurationPlatforms) = preSolution
		Debug|Any CPU = Debug|Any CPU
		Release|Any CPU = Release|Any CPU
	EndGlobalSection
	GlobalSection(ProjectConfigurationPlatforms) = postSolution
		{290F39A4-EC5A-4A6D-B0CC-1DA3FBE9EEEF}.Debug|Any CPU.ActiveCfg = Debug|Any CPU
		{290F39A4-EC5A-4A6D-B0CC-1DA3FBE9EEEF}.Debug|Any CPU.Build.0 = Debug|Any CPU
		{290F39A4-EC5A-4A6D-B0CC-1DA3FBE9EEEF}.Release|Any CPU.ActiveCfg = Release|Any CPU
		{290F39A4-EC5A-4A6D-B0CC-1DA3FBE9EEEF}.Release|Any CPU.Build.0 = Release|Any CPU
	EndGlobalSection
	GlobalSection(SolutionProperties) = preSolution
		HideSolutionNode = FALSE
	EndGlobalSection
	GlobalSection(ExtensibilityGlobals) = postSolution
		SolutionGuid = {B02333CF-DD84-4C11-93AF-A61D10FA6DDB}
	EndGlobalSection
EndGlobal
