
Microsoft Visual Studio Solution File, Format Version 12.00
# Visual Studio 15
VisualStudioVersion = 15.0.28307.329
MinimumVisualStudioVersion = 10.0.40219.1
Project("{FAE04EC0-301F-11D3-BF4B-00C04F79EFBC}") = "TM Input Try", "TM Input Try\TM Input Try.csproj", "{5CBF5B02-832F-4175-9D85-F059A14030E6}"
EndProject
Global
	GlobalSection(SolutionConfigurationPlatforms) = preSolution
		Debug|Any CPU = Debug|Any CPU
		Release|Any CPU = Release|Any CPU
	EndGlobalSection
	GlobalSection(ProjectConfigurationPlatforms) = postSolution
		{5CBF5B02-832F-4175-9D85-F059A14030E6}.Debug|Any CPU.ActiveCfg = Debug|Any CPU
		{5CBF5B02-832F-4175-9D85-F059A14030E6}.Debug|Any CPU.Build.0 = Debug|Any CPU
		{5CBF5B02-832F-4175-9D85-F059A14030E6}.Release|Any CPU.ActiveCfg = Release|Any CPU
		{5CBF5B02-832F-4175-9D85-F059A14030E6}.Release|Any CPU.Build.0 = Release|Any CPU
	EndGlobalSection
	GlobalSection(SolutionProperties) = preSolution
		HideSolutionNode = FALSE
	EndGlobalSection
	GlobalSection(ExtensibilityGlobals) = postSolution
		SolutionGuid = {59874190-9F58-4521-B341-1D40341EAF1D}
	EndGlobalSection
EndGlobal
