
Microsoft Visual Studio Solution File, Format Version 12.00
# Visual Studio 15
VisualStudioVersion = 15.0.28307.329
MinimumVisualStudioVersion = 10.0.40219.1
Project("{FAE04EC0-301F-11D3-BF4B-00C04F79EFBC}") = "TMNF Driving Test V", "TMNF Driving Test V\TMNF Driving Test V.csproj", "{007F7C02-5644-4C12-B121-7491B8F0CF5B}"
EndProject
Global
	GlobalSection(SolutionConfigurationPlatforms) = preSolution
		Debug|Any CPU = Debug|Any CPU
		Release|Any CPU = Release|Any CPU
	EndGlobalSection
	GlobalSection(ProjectConfigurationPlatforms) = postSolution
		{007F7C02-5644-4C12-B121-7491B8F0CF5B}.Debug|Any CPU.ActiveCfg = Debug|Any CPU
		{007F7C02-5644-4C12-B121-7491B8F0CF5B}.Debug|Any CPU.Build.0 = Debug|Any CPU
		{007F7C02-5644-4C12-B121-7491B8F0CF5B}.Release|Any CPU.ActiveCfg = Release|Any CPU
		{007F7C02-5644-4C12-B121-7491B8F0CF5B}.Release|Any CPU.Build.0 = Release|Any CPU
	EndGlobalSection
	GlobalSection(SolutionProperties) = preSolution
		HideSolutionNode = FALSE
	EndGlobalSection
	GlobalSection(ExtensibilityGlobals) = postSolution
		SolutionGuid = {3480065E-E209-4501-95F9-5788E768D587}
	EndGlobalSection
EndGlobal
